
Microsoft Visual Studio Solution File, Format Version 12.00
# Visual Studio Version 17
VisualStudioVersion = 17.10.35013.160
MinimumVisualStudioVersion = 10.0.40219.1
Project("{8BC9CEB8-8B4A-11D0-8D11-00A0C91BC942}") = "WMS Hardware Binding", "WMS Hardware Binding\WMS Hardware Binding.vcxproj", "{3FBA8C8A-BF76-4D18-939D-20D1AAE81042}"
EndProject
Global
	GlobalSection(SolutionConfigurationPlatforms) = preSolution
		Debug|ARM64 = Debug|ARM64
		Debug|x64 = Debug|x64
		Release|ARM64 = Release|ARM64
		Release|x64 = Release|x64
	EndGlobalSection
	GlobalSection(ProjectConfigurationPlatforms) = postSolution
		{3FBA8C8A-BF76-4D18-939D-20D1AAE81042}.Debug|ARM64.ActiveCfg = Debug|ARM64
		{3FBA8C8A-BF76-4D18-939D-20D1AAE81042}.Debug|ARM64.Build.0 = Debug|ARM64
		{3FBA8C8A-BF76-4D18-939D-20D1AAE81042}.Debug|ARM64.Deploy.0 = Debug|ARM64
		{3FBA8C8A-BF76-4D18-939D-20D1AAE81042}.Debug|x64.ActiveCfg = Debug|x64
		{3FBA8C8A-BF76-4D18-939D-20D1AAE81042}.Debug|x64.Build.0 = Debug|x64
		{3FBA8C8A-BF76-4D18-939D-20D1AAE81042}.Debug|x64.Deploy.0 = Debug|x64
		{3FBA8C8A-BF76-4D18-939D-20D1AAE81042}.Release|ARM64.ActiveCfg = Release|ARM64
		{3FBA8C8A-BF76-4D18-939D-20D1AAE81042}.Release|ARM64.Build.0 = Release|ARM64
		{3FBA8C8A-BF76-4D18-939D-20D1AAE81042}.Release|ARM64.Deploy.0 = Release|ARM64
		{3FBA8C8A-BF76-4D18-939D-20D1AAE81042}.Release|x64.ActiveCfg = Release|x64
		{3FBA8C8A-BF76-4D18-939D-20D1AAE81042}.Release|x64.Build.0 = Release|x64
		{3FBA8C8A-BF76-4D18-939D-20D1AAE81042}.Release|x64.Deploy.0 = Release|x64
	EndGlobalSection
	GlobalSection(SolutionProperties) = preSolution
		HideSolutionNode = FALSE
	EndGlobalSection
	GlobalSection(ExtensibilityGlobals) = postSolution
		SolutionGuid = {095C5C3A-DE12-4BAD-B4A6-ED3D9EBA4065}
	EndGlobalSection
EndGlobal
